
Microsoft Visual Studio Solution File, Format Version 11.00
# Visual Studio 2010
Project("{FAE04EC0-301F-11D3-BF4B-00C04F79EFBC}") = "Multitalents_PSC2017", "Assembly-CSharp.csproj", "{B94F2540-3E5A-B10C-650E-2DB959543929}"
EndProject
Project("{FAE04EC0-301F-11D3-BF4B-00C04F79EFBC}") = "Multitalents_PSC2017", "Assembly-CSharp-Editor.csproj", "{3482DAED-4F4E-5707-C23F-AC9A18632D27}"
EndProject
Global
	GlobalSection(SolutionConfigurationPlatforms) = preSolution
		Debug|Any CPU = Debug|Any CPU
		Release|Any CPU = Release|Any CPU
	EndGlobalSection
	GlobalSection(ProjectConfigurationPlatforms) = postSolution
		{B94F2540-3E5A-B10C-650E-2DB959543929}.Debug|Any CPU.ActiveCfg = Debug|Any CPU
		{B94F2540-3E5A-B10C-650E-2DB959543929}.Debug|Any CPU.Build.0 = Debug|Any CPU
		{B94F2540-3E5A-B10C-650E-2DB959543929}.Release|Any CPU.ActiveCfg = Release|Any CPU
		{B94F2540-3E5A-B10C-650E-2DB959543929}.Release|Any CPU.Build.0 = Release|Any CPU
		{3482DAED-4F4E-5707-C23F-AC9A18632D27}.Debug|Any CPU.ActiveCfg = Debug|Any CPU
		{3482DAED-4F4E-5707-C23F-AC9A18632D27}.Debug|Any CPU.Build.0 = Debug|Any CPU
		{3482DAED-4F4E-5707-C23F-AC9A18632D27}.Release|Any CPU.ActiveCfg = Release|Any CPU
		{3482DAED-4F4E-5707-C23F-AC9A18632D27}.Release|Any CPU.Build.0 = Release|Any CPU
	EndGlobalSection
	GlobalSection(SolutionProperties) = preSolution
		HideSolutionNode = FALSE
	EndGlobalSection
	GlobalSection(MonoDevelopProperties) = preSolution
		StartupItem = Assembly-CSharp.csproj
	EndGlobalSection
EndGlobal
